
Microsoft Visual Studio Solution File, Format Version 12.00
# Visual Studio Version 17
VisualStudioVersion = 17.7.34024.191
MinimumVisualStudioVersion = 10.0.40219.1
Project("{9A19103F-16F7-4668-BE54-9A1E7A4F7556}") = "BlazorEcommerce.Server", "BlazorEcommerce\Server\BlazorEcommerce.Server.csproj", "{4C0ED81F-500E-4189-8D0B-5A48F195B89F}"
EndProject
Project("{9A19103F-16F7-4668-BE54-9A1E7A4F7556}") = "BlazorEcommerce.Client", "BlazorEcommerce\Client\BlazorEcommerce.Client.csproj", "{59C8004F-787C-4983-B7F0-F0F3AF3C2101}"
EndProject
Project("{9A19103F-16F7-4668-BE54-9A1E7A4F7556}") = "BlazorEcommerce.Shared", "BlazorEcommerce\Shared\BlazorEcommerce.Shared.csproj", "{F9BF3104-1761-48A3-B21F-7654C00479FD}"
EndProject
Global
	GlobalSection(SolutionConfigurationPlatforms) = preSolution
		Debug|Any CPU = Debug|Any CPU
		Release|Any CPU = Release|Any CPU
	EndGlobalSection
	GlobalSection(ProjectConfigurationPlatforms) = postSolution
		{4C0ED81F-500E-4189-8D0B-5A48F195B89F}.Debug|Any CPU.ActiveCfg = Debug|Any CPU
		{4C0ED81F-500E-4189-8D0B-5A48F195B89F}.Debug|Any CPU.Build.0 = Debug|Any CPU
		{4C0ED81F-500E-4189-8D0B-5A48F195B89F}.Release|Any CPU.ActiveCfg = Release|Any CPU
		{4C0ED81F-500E-4189-8D0B-5A48F195B89F}.Release|Any CPU.Build.0 = Release|Any CPU
		{59C8004F-787C-4983-B7F0-F0F3AF3C2101}.Debug|Any CPU.ActiveCfg = Debug|Any CPU
		{59C8004F-787C-4983-B7F0-F0F3AF3C2101}.Debug|Any CPU.Build.0 = Debug|Any CPU
		{59C8004F-787C-4983-B7F0-F0F3AF3C2101}.Release|Any CPU.ActiveCfg = Release|Any CPU
		{59C8004F-787C-4983-B7F0-F0F3AF3C2101}.Release|Any CPU.Build.0 = Release|Any CPU
		{F9BF3104-1761-48A3-B21F-7654C00479FD}.Debug|Any CPU.ActiveCfg = Debug|Any CPU
		{F9BF3104-1761-48A3-B21F-7654C00479FD}.Debug|Any CPU.Build.0 = Debug|Any CPU
		{F9BF3104-1761-48A3-B21F-7654C00479FD}.Release|Any CPU.ActiveCfg = Release|Any CPU
		{F9BF3104-1761-48A3-B21F-7654C00479FD}.Release|Any CPU.Build.0 = Release|Any CPU
	EndGlobalSection
	GlobalSection(SolutionProperties) = preSolution
		HideSolutionNode = FALSE
	EndGlobalSection
	GlobalSection(ExtensibilityGlobals) = postSolution
		SolutionGuid = {D325C7E2-31BD-4FD0-9489-6B5BBB491789}
	EndGlobalSection
EndGlobal
